
Microsoft Visual Studio Solution File, Format Version 12.00
Project("{FAE04EC0-301F-11D3-BF4B-00C04F79EFBC}") = "Telegram Analytic", "Telegram Analytic\Telegram Analytic.csproj", "{C533BBE1-FA29-44A5-9F50-D120D02058D6}"
EndProject
Global
	GlobalSection(SolutionConfigurationPlatforms) = preSolution
		Debug|Any CPU = Debug|Any CPU
		Release|Any CPU = Release|Any CPU
	EndGlobalSection
	GlobalSection(ProjectConfigurationPlatforms) = postSolution
		{C533BBE1-FA29-44A5-9F50-D120D02058D6}.Debug|Any CPU.ActiveCfg = Debug|Any CPU
		{C533BBE1-FA29-44A5-9F50-D120D02058D6}.Debug|Any CPU.Build.0 = Debug|Any CPU
		{C533BBE1-FA29-44A5-9F50-D120D02058D6}.Release|Any CPU.ActiveCfg = Release|Any CPU
		{C533BBE1-FA29-44A5-9F50-D120D02058D6}.Release|Any CPU.Build.0 = Release|Any CPU
	EndGlobalSection
EndGlobal
